
Microsoft Visual Studio Solution File, Format Version 12.00
# Visual Studio 15
VisualStudioVersion = 15.0.28010.2050
MinimumVisualStudioVersion = 10.0.40219.1
Project("{FAE04EC0-301F-11D3-BF4B-00C04F79EFBC}") = "PrometheusWebApplication", "PrometheusWebApplication\PrometheusWebApplication.csproj", "{9868A3FF-63DB-48F5-9F79-D8B416162893}"
EndProject
Global
	GlobalSection(SolutionConfigurationPlatforms) = preSolution
		Debug|Any CPU = Debug|Any CPU
		Release|Any CPU = Release|Any CPU
	EndGlobalSection
	GlobalSection(ProjectConfigurationPlatforms) = postSolution
		{9868A3FF-63DB-48F5-9F79-D8B416162893}.Debug|Any CPU.ActiveCfg = Debug|Any CPU
		{9868A3FF-63DB-48F5-9F79-D8B416162893}.Debug|Any CPU.Build.0 = Debug|Any CPU
		{9868A3FF-63DB-48F5-9F79-D8B416162893}.Release|Any CPU.ActiveCfg = Release|Any CPU
		{9868A3FF-63DB-48F5-9F79-D8B416162893}.Release|Any CPU.Build.0 = Release|Any CPU
	EndGlobalSection
	GlobalSection(SolutionProperties) = preSolution
		HideSolutionNode = FALSE
	EndGlobalSection
	GlobalSection(ExtensibilityGlobals) = postSolution
		SolutionGuid = {0188C16C-518E-461F-B890-01BE14C84FAC}
	EndGlobalSection
EndGlobal
